
Microsoft Visual Studio Solution File, Format Version 12.00
# Visual Studio Version 17
VisualStudioVersion = 17.0.31903.59
MinimumVisualStudioVersion = 10.0.40219.1
Project("{2150E333-8FDC-42A3-9474-1A3956D46DE8}") = "src", "src", "{827E0CD3-B72D-47B6-A68D-7590B98EB39B}"
EndProject
Project("{FAE04EC0-301F-11D3-BF4B-00C04F79EFBC}") = "PagoYa.Core", "src\PagoYa.Core\PagoYa.Core.csproj", "{96CDF222-CBBA-4414-93BA-C5BCA0C64822}"
EndProject
Project("{FAE04EC0-301F-11D3-BF4B-00C04F79EFBC}") = "PagoYa.Data", "src\PagoYa.Data\PagoYa.Data.csproj", "{0688135E-26E9-4129-85BB-B7EC341C36D8}"
EndProject
Project("{FAE04EC0-301F-11D3-BF4B-00C04F79EFBC}") = "PagoYa.Licensing", "src\PagoYa.Licensing\PagoYa.Licensing.csproj", "{7AC251BA-B595-4C1B-AE1B-CD0EF4EFA394}"
EndProject
Project("{FAE04EC0-301F-11D3-BF4B-00C04F79EFBC}") = "PagoYa.Invoicing.Sunat", "src\PagoYa.Invoicing.Sunat\PagoYa.Invoicing.Sunat.csproj", "{1D620A6C-30F2-4B41-928E-361DA69FEC33}"
EndProject
Project("{FAE04EC0-301F-11D3-BF4B-00C04F79EFBC}") = "PagoYa.Cloud", "src\PagoYa.Cloud\PagoYa.Cloud.csproj", "{8DBBF19E-A233-4BEA-8F63-476B49277B3C}"
EndProject
Project("{FAE04EC0-301F-11D3-BF4B-00C04F79EFBC}") = "PagoYa.Desktop", "src\PagoYa.Desktop\PagoYa.Desktop.csproj", "{DA00761A-035F-44B4-B259-93204F4A24A7}"
EndProject
Project("{2150E333-8FDC-42A3-9474-1A3956D46DE8}") = "server", "server", "{DAD03CFC-D5FA-AC94-41C7-9ABAB326F09E}"
EndProject
Project("{FAE04EC0-301F-11D3-BF4B-00C04F79EFBC}") = "PagoYa.Api", "server\PagoYa.Api\PagoYa.Api.csproj", "{CA39BAE1-2BE3-42A8-B9C1-EAAC591C949B}"
EndProject
Project("{2150E333-8FDC-42A3-9474-1A3956D46DE8}") = "tests", "tests", "{0AB3BF05-4346-4AA6-1389-037BE0695223}"
EndProject
Project("{FAE04EC0-301F-11D3-BF4B-00C04F79EFBC}") = "PagoYa.Api.Tests", "tests\PagoYa.Api.Tests\PagoYa.Api.Tests.csproj", "{ECB8F96F-36E1-4143-97A8-1FD1676BD9C3}"
EndProject
Project("{FAE04EC0-301F-11D3-BF4B-00C04F79EFBC}") = "PagoYa.Invoicing.Sunat.Tests", "tests\PagoYa.Invoicing.Sunat.Tests\PagoYa.Invoicing.Sunat.Tests.csproj", "{DD8FC46C-71F9-42D6-A9C7-1BA58D09A150}"
EndProject
Project("{FAE04EC0-301F-11D3-BF4B-00C04F79EFBC}") = "PagoYa.Cloud.Tests", "tests\PagoYa.Cloud.Tests\PagoYa.Cloud.Tests.csproj", "{4E52C8C6-59D3-4251-A5EF-0776B4EF0475}"
EndProject
Global
	GlobalSection(SolutionConfigurationPlatforms) = preSolution
		Debug|Any CPU = Debug|Any CPU
		Debug|x64 = Debug|x64
		Debug|x86 = Debug|x86
		Release|Any CPU = Release|Any CPU
		Release|x64 = Release|x64
		Release|x86 = Release|x86
	EndGlobalSection
	GlobalSection(ProjectConfigurationPlatforms) = postSolution
		{96CDF222-CBBA-4414-93BA-C5BCA0C64822}.Debug|Any CPU.ActiveCfg = Debug|Any CPU
		{96CDF222-CBBA-4414-93BA-C5BCA0C64822}.Debug|Any CPU.Build.0 = Debug|Any CPU
		{96CDF222-CBBA-4414-93BA-C5BCA0C64822}.Debug|x64.ActiveCfg = Debug|Any CPU
		{96CDF222-CBBA-4414-93BA-C5BCA0C64822}.Debug|x64.Build.0 = Debug|Any CPU
		{96CDF222-CBBA-4414-93BA-C5BCA0C64822}.Debug|x86.ActiveCfg = Debug|Any CPU
		{96CDF222-CBBA-4414-93BA-C5BCA0C64822}.Debug|x86.Build.0 = Debug|Any CPU
		{96CDF222-CBBA-4414-93BA-C5BCA0C64822}.Release|Any CPU.ActiveCfg = Release|Any CPU
		{96CDF222-CBBA-4414-93BA-C5BCA0C64822}.Release|Any CPU.Build.0 = Release|Any CPU
		{96CDF222-CBBA-4414-93BA-C5BCA0C64822}.Release|x64.ActiveCfg = Release|Any CPU
		{96CDF222-CBBA-4414-93BA-C5BCA0C64822}.Release|x64.Build.0 = Release|Any CPU
		{96CDF222-CBBA-4414-93BA-C5BCA0C64822}.Release|x86.ActiveCfg = Release|Any CPU
		{96CDF222-CBBA-4414-93BA-C5BCA0C64822}.Release|x86.Build.0 = Release|Any CPU
		{0688135E-26E9-4129-85BB-B7EC341C36D8}.Debug|Any CPU.ActiveCfg = Debug|Any CPU
		{0688135E-26E9-4129-85BB-B7EC341C36D8}.Debug|Any CPU.Build.0 = Debug|Any CPU
		{0688135E-26E9-4129-85BB-B7EC341C36D8}.Debug|x64.ActiveCfg = Debug|Any CPU
		{0688135E-26E9-4129-85BB-B7EC341C36D8}.Debug|x64.Build.0 = Debug|Any CPU
		{0688135E-26E9-4129-85BB-B7EC341C36D8}.Debug|x86.ActiveCfg = Debug|Any CPU
		{0688135E-26E9-4129-85BB-B7EC341C36D8}.Debug|x86.Build.0 = Debug|Any CPU
		{0688135E-26E9-4129-85BB-B7EC341C36D8}.Release|Any CPU.ActiveCfg = Release|Any CPU
		{0688135E-26E9-4129-85BB-B7EC341C36D8}.Release|Any CPU.Build.0 = Release|Any CPU
		{0688135E-26E9-4129-85BB-B7EC341C36D8}.Release|x64.ActiveCfg = Release|Any CPU
		{0688135E-26E9-4129-85BB-B7EC341C36D8}.Release|x64.Build.0 = Release|Any CPU
		{0688135E-26E9-4129-85BB-B7EC341C36D8}.Release|x86.ActiveCfg = Release|Any CPU
		{0688135E-26E9-4129-85BB-B7EC341C36D8}.Release|x86.Build.0 = Release|Any CPU
		{7AC251BA-B595-4C1B-AE1B-CD0EF4EFA394}.Debug|Any CPU.ActiveCfg = Debug|Any CPU
		{7AC251BA-B595-4C1B-AE1B-CD0EF4EFA394}.Debug|Any CPU.Build.0 = Debug|Any CPU
		{7AC251BA-B595-4C1B-AE1B-CD0EF4EFA394}.Debug|x64.ActiveCfg = Debug|Any CPU
		{7AC251BA-B595-4C1B-AE1B-CD0EF4EFA394}.Debug|x64.Build.0 = Debug|Any CPU
		{7AC251BA-B595-4C1B-AE1B-CD0EF4EFA394}.Debug|x86.ActiveCfg = Debug|Any CPU
		{7AC251BA-B595-4C1B-AE1B-CD0EF4EFA394}.Debug|x86.Build.0 = Debug|Any CPU
		{7AC251BA-B595-4C1B-AE1B-CD0EF4EFA394}.Release|Any CPU.ActiveCfg = Release|Any CPU
		{7AC251BA-B595-4C1B-AE1B-CD0EF4EFA394}.Release|Any CPU.Build.0 = Release|Any CPU
		{7AC251BA-B595-4C1B-AE1B-CD0EF4EFA394}.Release|x64.ActiveCfg = Release|Any CPU
		{7AC251BA-B595-4C1B-AE1B-CD0EF4EFA394}.Release|x64.Build.0 = Release|Any CPU
		{7AC251BA-B595-4C1B-AE1B-CD0EF4EFA394}.Release|x86.ActiveCfg = Release|Any CPU
		{7AC251BA-B595-4C1B-AE1B-CD0EF4EFA394}.Release|x86.Build.0 = Release|Any CPU
		{1D620A6C-30F2-4B41-928E-361DA69FEC33}.Debug|Any CPU.ActiveCfg = Debug|Any CPU
		{1D620A6C-30F2-4B41-928E-361DA69FEC33}.Debug|Any CPU.Build.0 = Debug|Any CPU
		{1D620A6C-30F2-4B41-928E-361DA69FEC33}.Debug|x64.ActiveCfg = Debug|Any CPU
		{1D620A6C-30F2-4B41-928E-361DA69FEC33}.Debug|x64.Build.0 = Debug|Any CPU
		{1D620A6C-30F2-4B41-928E-361DA69FEC33}.Debug|x86.ActiveCfg = Debug|Any CPU
		{1D620A6C-30F2-4B41-928E-361DA69FEC33}.Debug|x86.Build.0 = Debug|Any CPU
		{1D620A6C-30F2-4B41-928E-361DA69FEC33}.Release|Any CPU.ActiveCfg = Release|Any CPU
		{1D620A6C-30F2-4B41-928E-361DA69FEC33}.Release|Any CPU.Build.0 = Release|Any CPU
		{1D620A6C-30F2-4B41-928E-361DA69FEC33}.Release|x64.ActiveCfg = Release|Any CPU
		{1D620A6C-30F2-4B41-928E-361DA69FEC33}.Release|x64.Build.0 = Release|Any CPU
		{1D620A6C-30F2-4B41-928E-361DA69FEC33}.Release|x86.ActiveCfg = Release|Any CPU
		{1D620A6C-30F2-4B41-928E-361DA69FEC33}.Release|x86.Build.0 = Release|Any CPU
		{8DBBF19E-A233-4BEA-8F63-476B49277B3C}.Debug|Any CPU.ActiveCfg = Debug|Any CPU
		{8DBBF19E-A233-4BEA-8F63-476B49277B3C}.Debug|Any CPU.Build.0 = Debug|Any CPU
		{8DBBF19E-A233-4BEA-8F63-476B49277B3C}.Debug|x64.ActiveCfg = Debug|Any CPU
		{8DBBF19E-A233-4BEA-8F63-476B49277B3C}.Debug|x64.Build.0 = Debug|Any CPU
		{8DBBF19E-A233-4BEA-8F63-476B49277B3C}.Debug|x86.ActiveCfg = Debug|Any CPU
		{8DBBF19E-A233-4BEA-8F63-476B49277B3C}.Debug|x86.Build.0 = Debug|Any CPU
		{8DBBF19E-A233-4BEA-8F63-476B49277B3C}.Release|Any CPU.ActiveCfg = Release|Any CPU
		{8DBBF19E-A233-4BEA-8F63-476B49277B3C}.Release|Any CPU.Build.0 = Release|Any CPU
		{8DBBF19E-A233-4BEA-8F63-476B49277B3C}.Release|x64.ActiveCfg = Release|Any CPU
		{8DBBF19E-A233-4BEA-8F63-476B49277B3C}.Release|x64.Build.0 = Release|Any CPU
		{8DBBF19E-A233-4BEA-8F63-476B49277B3C}.Release|x86.ActiveCfg = Release|Any CPU
		{8DBBF19E-A233-4BEA-8F63-476B49277B3C}.Release|x86.Build.0 = Release|Any CPU
		{DA00761A-035F-44B4-B259-93204F4A24A7}.Debug|Any CPU.ActiveCfg = Debug|Any CPU
		{DA00761A-035F-44B4-B259-93204F4A24A7}.Debug|Any CPU.Build.0 = Debug|Any CPU
		{DA00761A-035F-44B4-B259-93204F4A24A7}.Debug|x64.ActiveCfg = Debug|Any CPU
		{DA00761A-035F-44B4-B259-93204F4A24A7}.Debug|x64.Build.0 = Debug|Any CPU
		{DA00761A-035F-44B4-B259-93204F4A24A7}.Debug|x86.ActiveCfg = Debug|Any CPU
		{DA00761A-035F-44B4-B259-93204F4A24A7}.Debug|x86.Build.0 = Debug|Any CPU
		{DA00761A-035F-44B4-B259-93204F4A24A7}.Release|Any CPU.ActiveCfg = Release|Any CPU
		{DA00761A-035F-44B4-B259-93204F4A24A7}.Release|Any CPU.Build.0 = Release|Any CPU
		{DA00761A-035F-44B4-B259-93204F4A24A7}.Release|x64.ActiveCfg = Release|Any CPU
		{DA00761A-035F-44B4-B259-93204F4A24A7}.Release|x64.Build.0 = Release|Any CPU
		{DA00761A-035F-44B4-B259-93204F4A24A7}.Release|x86.ActiveCfg = Release|Any CPU
		{DA00761A-035F-44B4-B259-93204F4A24A7}.Release|x86.Build.0 = Release|Any CPU
		{CA39BAE1-2BE3-42A8-B9C1-EAAC591C949B}.Debug|Any CPU.ActiveCfg = Debug|Any CPU
		{CA39BAE1-2BE3-42A8-B9C1-EAAC591C949B}.Debug|Any CPU.Build.0 = Debug|Any CPU
		{CA39BAE1-2BE3-42A8-B9C1-EAAC591C949B}.Debug|x64.ActiveCfg = Debug|Any CPU
		{CA39BAE1-2BE3-42A8-B9C1-EAAC591C949B}.Debug|x64.Build.0 = Debug|Any CPU
		{CA39BAE1-2BE3-42A8-B9C1-EAAC591C949B}.Debug|x86.ActiveCfg = Debug|Any CPU
		{CA39BAE1-2BE3-42A8-B9C1-EAAC591C949B}.Debug|x86.Build.0 = Debug|Any CPU
		{CA39BAE1-2BE3-42A8-B9C1-EAAC591C949B}.Release|Any CPU.ActiveCfg = Release|Any CPU
		{CA39BAE1-2BE3-42A8-B9C1-EAAC591C949B}.Release|Any CPU.Build.0 = Release|Any CPU
		{CA39BAE1-2BE3-42A8-B9C1-EAAC591C949B}.Release|x64.ActiveCfg = Release|Any CPU
		{CA39BAE1-2BE3-42A8-B9C1-EAAC591C949B}.Release|x64.Build.0 = Release|Any CPU
		{CA39BAE1-2BE3-42A8-B9C1-EAAC591C949B}.Release|x86.ActiveCfg = Release|Any CPU
		{CA39BAE1-2BE3-42A8-B9C1-EAAC591C949B}.Release|x86.Build.0 = Release|Any CPU
		{ECB8F96F-36E1-4143-97A8-1FD1676BD9C3}.Debug|Any CPU.ActiveCfg = Debug|Any CPU
		{ECB8F96F-36E1-4143-97A8-1FD1676BD9C3}.Debug|Any CPU.Build.0 = Debug|Any CPU
		{ECB8F96F-36E1-4143-97A8-1FD1676BD9C3}.Debug|x64.ActiveCfg = Debug|Any CPU
		{ECB8F96F-36E1-4143-97A8-1FD1676BD9C3}.Debug|x64.Build.0 = Debug|Any CPU
		{ECB8F96F-36E1-4143-97A8-1FD1676BD9C3}.Debug|x86.ActiveCfg = Debug|Any CPU
		{ECB8F96F-36E1-4143-97A8-1FD1676BD9C3}.Debug|x86.Build.0 = Debug|Any CPU
		{ECB8F96F-36E1-4143-97A8-1FD1676BD9C3}.Release|Any CPU.ActiveCfg = Release|Any CPU
		{ECB8F96F-36E1-4143-97A8-1FD1676BD9C3}.Release|Any CPU.Build.0 = Release|Any CPU
		{ECB8F96F-36E1-4143-97A8-1FD1676BD9C3}.Release|x64.ActiveCfg = Release|Any CPU
		{ECB8F96F-36E1-4143-97A8-1FD1676BD9C3}.Release|x64.Build.0 = Release|Any CPU
		{ECB8F96F-36E1-4143-97A8-1FD1676BD9C3}.Release|x86.ActiveCfg = Release|Any CPU
		{ECB8F96F-36E1-4143-97A8-1FD1676BD9C3}.Release|x86.Build.0 = Release|Any CPU
		{DD8FC46C-71F9-42D6-A9C7-1BA58D09A150}.Debug|Any CPU.ActiveCfg = Debug|Any CPU
		{DD8FC46C-71F9-42D6-A9C7-1BA58D09A150}.Debug|Any CPU.Build.0 = Debug|Any CPU
		{DD8FC46C-71F9-42D6-A9C7-1BA58D09A150}.Debug|x64.ActiveCfg = Debug|Any CPU
		{DD8FC46C-71F9-42D6-A9C7-1BA58D09A150}.Debug|x64.Build.0 = Debug|Any CPU
		{DD8FC46C-71F9-42D6-A9C7-1BA58D09A150}.Debug|x86.ActiveCfg = Debug|Any CPU
		{DD8FC46C-71F9-42D6-A9C7-1BA58D09A150}.Debug|x86.Build.0 = Debug|Any CPU
		{DD8FC46C-71F9-42D6-A9C7-1BA58D09A150}.Release|Any CPU.ActiveCfg = Release|Any CPU
		{DD8FC46C-71F9-42D6-A9C7-1BA58D09A150}.Release|Any CPU.Build.0 = Release|Any CPU
		{DD8FC46C-71F9-42D6-A9C7-1BA58D09A150}.Release|x64.ActiveCfg = Release|Any CPU
		{DD8FC46C-71F9-42D6-A9C7-1BA58D09A150}.Release|x64.Build.0 = Release|Any CPU
		{DD8FC46C-71F9-42D6-A9C7-1BA58D09A150}.Release|x86.ActiveCfg = Release|Any CPU
		{DD8FC46C-71F9-42D6-A9C7-1BA58D09A150}.Release|x86.Build.0 = Release|Any CPU
		{4E52C8C6-59D3-4251-A5EF-0776B4EF0475}.Debug|Any CPU.ActiveCfg = Debug|Any CPU
		{4E52C8C6-59D3-4251-A5EF-0776B4EF0475}.Debug|Any CPU.Build.0 = Debug|Any CPU
		{4E52C8C6-59D3-4251-A5EF-0776B4EF0475}.Debug|x64.ActiveCfg = Debug|Any CPU
		{4E52C8C6-59D3-4251-A5EF-0776B4EF0475}.Debug|x64.Build.0 = Debug|Any CPU
		{4E52C8C6-59D3-4251-A5EF-0776B4EF0475}.Debug|x86.ActiveCfg = Debug|Any CPU
		{4E52C8C6-59D3-4251-A5EF-0776B4EF0475}.Debug|x86.Build.0 = Debug|Any CPU
		{4E52C8C6-59D3-4251-A5EF-0776B4EF0475}.Release|Any CPU.ActiveCfg = Release|Any CPU
		{4E52C8C6-59D3-4251-A5EF-0776B4EF0475}.Release|Any CPU.Build.0 = Release|Any CPU
		{4E52C8C6-59D3-4251-A5EF-0776B4EF0475}.Release|x64.ActiveCfg = Release|Any CPU
		{4E52C8C6-59D3-4251-A5EF-0776B4EF0475}.Release|x64.Build.0 = Release|Any CPU
		{4E52C8C6-59D3-4251-A5EF-0776B4EF0475}.Release|x86.ActiveCfg = Release|Any CPU
		{4E52C8C6-59D3-4251-A5EF-0776B4EF0475}.Release|x86.Build.0 = Release|Any CPU
	EndGlobalSection
	GlobalSection(SolutionProperties) = preSolution
		HideSolutionNode = FALSE
	EndGlobalSection
	GlobalSection(NestedProjects) = preSolution
		{96CDF222-CBBA-4414-93BA-C5BCA0C64822} = {827E0CD3-B72D-47B6-A68D-7590B98EB39B}
		{0688135E-26E9-4129-85BB-B7EC341C36D8} = {827E0CD3-B72D-47B6-A68D-7590B98EB39B}
		{7AC251BA-B595-4C1B-AE1B-CD0EF4EFA394} = {827E0CD3-B72D-47B6-A68D-7590B98EB39B}
		{1D620A6C-30F2-4B41-928E-361DA69FEC33} = {827E0CD3-B72D-47B6-A68D-7590B98EB39B}
		{8DBBF19E-A233-4BEA-8F63-476B49277B3C} = {827E0CD3-B72D-47B6-A68D-7590B98EB39B}
		{DA00761A-035F-44B4-B259-93204F4A24A7} = {827E0CD3-B72D-47B6-A68D-7590B98EB39B}
		{CA39BAE1-2BE3-42A8-B9C1-EAAC591C949B} = {DAD03CFC-D5FA-AC94-41C7-9ABAB326F09E}
		{ECB8F96F-36E1-4143-97A8-1FD1676BD9C3} = {0AB3BF05-4346-4AA6-1389-037BE0695223}
		{DD8FC46C-71F9-42D6-A9C7-1BA58D09A150} = {0AB3BF05-4346-4AA6-1389-037BE0695223}
		{4E52C8C6-59D3-4251-A5EF-0776B4EF0475} = {0AB3BF05-4346-4AA6-1389-037BE0695223}
	EndGlobalSection
EndGlobal
